{
  "name": "mxcad-vite",
  "version": "1.0.0",
  "lockfileVersion": 3,
  "requires": true,
  "packages": {
    "": {
      "name": "mxcad-vite",
      "version": "1.0.0",
      "license": "ISC",
      "dependencies": {
        "mxcad": "latest"
      },
      "devDependencies": {
        "vite": "^4.3.8"
      }
    },
    "node_modules/@esbuild/win32-x64": {
      "version": "0.18.20",
      "resolved": "https://registry.npmjs.org/@esbuild/win32-x64/-/win32-x64-0.18.20.tgz",
      "integrity": "sha512-kTdfRcSiDfQca/y9QIkng02avJ+NCaQvrMejlsB3RRv5sE9rRoeBPISaZpKxHELzRxZyLvNts1P27W3wV+8geQ==",
      "cpu": [
        "x64"
      ],
      "dev": true,
      "license": "MIT",
      "optional": true,
      "os": [
        "win32"
      ],
      "engines": {
        "node": ">=12"
      }
    },
    "node_modules/@fingerprintjs/fingerprintjs": {
      "version": "4.6.2",
      "resolved": "https://registry.npmjs.org/@fingerprintjs/fingerprintjs/-/fingerprintjs-4.6.2.tgz",
      "integrity": "sha512-g8mXuqcFKbgH2CZKwPfVtsUJDHyvcgIABQI7Y0tzWEFXpGxJaXuAuzlifT2oTakjDBLTK4Gaa9/5PERDhqUjtw==",
      "license": "BUSL-1.1",
      "dependencies": {
        "tslib": "^2.4.1"
      }
    },
    "node_modules/d": {
      "version": "1.0.2",
      "resolved": "https://registry.npmjs.org/d/-/d-1.0.2.tgz",
      "integrity": "sha512-MOqHvMWF9/9MX6nza0KgvFH4HpMU0EF5uUDXqX/BtxtU8NfB0QzRtJ8Oe/6SuS4kbhyzVJwjd97EA4PKrzJ8bw==",
      "license": "ISC",
      "dependencies": {
        "es5-ext": "^0.10.64",
        "type": "^2.7.2"
      },
      "engines": {
        "node": ">=0.12"
      }
    },
    "node_modules/element-resize-event-polyfill": {
      "version": "1.0.5",
      "resolved": "https://registry.npmjs.org/element-resize-event-polyfill/-/element-resize-event-polyfill-1.0.5.tgz",
      "integrity": "sha512-HWjhWQIi8Ilw8YWyX5O4b7L2AIQE9SMP+LFoHrr6b1ZLIUIpqybA5eU3v2uWAnE0ptCxyLTT92IgLTehWldIfQ==",
      "license": "ISC",
      "dependencies": {
        "resize-observer-polyfill": "^1.5.1"
      }
    },
    "node_modules/es5-ext": {
      "version": "0.10.64",
      "resolved": "https://registry.npmjs.org/es5-ext/-/es5-ext-0.10.64.tgz",
      "integrity": "sha512-p2snDhiLaXe6dahss1LddxqEm+SkuDvV8dnIQG0MWjyHpcMNfXKPE+/Cc0y+PhxJX3A4xGNeFCj5oc0BUh6deg==",
      "hasInstallScript": true,
      "license": "ISC",
      "dependencies": {
        "es6-iterator": "^2.0.3",
        "es6-symbol": "^3.1.3",
        "esniff": "^2.0.1",
        "next-tick": "^1.1.0"
      },
      "engines": {
        "node": ">=0.10"
      }
    },
    "node_modules/es6-iterator": {
      "version": "2.0.3",
      "resolved": "https://registry.npmjs.org/es6-iterator/-/es6-iterator-2.0.3.tgz",
      "integrity": "sha512-zw4SRzoUkd+cl+ZoE15A9o1oQd920Bb0iOJMQkQhl3jNc03YqVjAhG7scf9C5KWRU/R13Orf588uCC6525o02g==",
      "license": "MIT",
      "dependencies": {
        "d": "1",
        "es5-ext": "^0.10.35",
        "es6-symbol": "^3.1.1"
      }
    },
    "node_modules/es6-symbol": {
      "version": "3.1.4",
      "resolved": "https://registry.npmjs.org/es6-symbol/-/es6-symbol-3.1.4.tgz",
      "integrity": "sha512-U9bFFjX8tFiATgtkJ1zg25+KviIXpgRvRHS8sau3GfhVzThRQrOeksPeT0BWW2MNZs1OEWJ1DPXOQMn0KKRkvg==",
      "license": "ISC",
      "dependencies": {
        "d": "^1.0.2",
        "ext": "^1.7.0"
      },
      "engines": {
        "node": ">=0.12"
      }
    },
    "node_modules/esbuild": {
      "version": "0.18.20",
      "resolved": "https://registry.npmjs.org/esbuild/-/esbuild-0.18.20.tgz",
      "integrity": "sha512-ceqxoedUrcayh7Y7ZX6NdbbDzGROiyVBgC4PriJThBKSVPWnnFHZAkfI1lJT8QFkOwH4qOS2SJkS4wvpGl8BpA==",
      "dev": true,
      "hasInstallScript": true,
      "license": "MIT",
      "bin": {
        "esbuild": "bin/esbuild"
      },
      "engines": {
        "node": ">=12"
      },
      "optionalDependencies": {
        "@esbuild/android-arm": "0.18.20",
        "@esbuild/android-arm64": "0.18.20",
        "@esbuild/android-x64": "0.18.20",
        "@esbuild/darwin-arm64": "0.18.20",
        "@esbuild/darwin-x64": "0.18.20",
        "@esbuild/freebsd-arm64": "0.18.20",
        "@esbuild/freebsd-x64": "0.18.20",
        "@esbuild/linux-arm": "0.18.20",
        "@esbuild/linux-arm64": "0.18.20",
        "@esbuild/linux-ia32": "0.18.20",
        "@esbuild/linux-loong64": "0.18.20",
        "@esbuild/linux-mips64el": "0.18.20",
        "@esbuild/linux-ppc64": "0.18.20",
        "@esbuild/linux-riscv64": "0.18.20",
        "@esbuild/linux-s390x": "0.18.20",
        "@esbuild/linux-x64": "0.18.20",
        "@esbuild/netbsd-x64": "0.18.20",
        "@esbuild/openbsd-x64": "0.18.20",
        "@esbuild/sunos-x64": "0.18.20",
        "@esbuild/win32-arm64": "0.18.20",
        "@esbuild/win32-ia32": "0.18.20",
        "@esbuild/win32-x64": "0.18.20"
      }
    },
    "node_modules/esniff": {
      "version": "2.0.1",
      "resolved": "https://registry.npmjs.org/esniff/-/esniff-2.0.1.tgz",
      "integrity": "sha512-kTUIGKQ/mDPFoJ0oVfcmyJn4iBDRptjNVIzwIFR7tqWXdVI9xfA2RMwY/gbSpJG3lkdWNEjLap/NqVHZiJsdfg==",
      "license": "ISC",
      "dependencies": {
        "d": "^1.0.1",
        "es5-ext": "^0.10.62",
        "event-emitter": "^0.3.5",
        "type": "^2.7.2"
      },
      "engines": {
        "node": ">=0.10"
      }
    },
    "node_modules/event-emitter": {
      "version": "0.3.5",
      "resolved": "https://registry.npmjs.org/event-emitter/-/event-emitter-0.3.5.tgz",
      "integrity": "sha512-D9rRn9y7kLPnJ+hMq7S/nhvoKwwvVJahBi2BPmx3bvbsEdK3W9ii8cBSGjP+72/LnM4n6fo3+dkCX5FeTQruXA==",
      "license": "MIT",
      "dependencies": {
        "d": "1",
        "es5-ext": "~0.10.14"
      }
    },
    "node_modules/ext": {
      "version": "1.7.0",
      "resolved": "https://registry.npmjs.org/ext/-/ext-1.7.0.tgz",
      "integrity": "sha512-6hxeJYaL110a9b5TEJSj0gojyHQAmA2ch5Os+ySCiA1QGdS697XWY1pzsrSjqA9LDEEgdB/KypIlR59RcLuHYw==",
      "license": "ISC",
      "dependencies": {
        "type": "^2.7.2"
      }
    },
    "node_modules/iconv-lite": {
      "version": "0.6.3",
      "resolved": "https://registry.npmjs.org/iconv-lite/-/iconv-lite-0.6.3.tgz",
      "integrity": "sha512-4fCk79wshMdzMp2rH06qWrJE4iolqLhCUH+OiuIgU++RB0+94NlDL81atO7GX55uUKueo0txHNtvEyI6D7WdMw==",
      "license": "MIT",
      "dependencies": {
        "safer-buffer": ">= 2.1.2 < 3.0.0"
      },
      "engines": {
        "node": ">=0.10.0"
      }
    },
    "node_modules/immer": {
      "version": "10.1.3",
      "resolved": "https://registry.npmjs.org/immer/-/immer-10.1.3.tgz",
      "integrity": "sha512-tmjF/k8QDKydUlm3mZU+tjM6zeq9/fFpPqH9SzWmBnVVKsPBg/V66qsMwb3/Bo90cgUN+ghdVBess+hPsxUyRw==",
      "license": "MIT",
      "peer": true,
      "funding": {
        "type": "opencollective",
        "url": "https://opencollective.com/immer"
      }
    },
    "node_modules/is-plain-object": {
      "version": "5.0.0",
      "resolved": "https://registry.npmjs.org/is-plain-object/-/is-plain-object-5.0.0.tgz",
      "integrity": "sha512-VRSzKkbMm5jMDoKLbltAkFQ5Qr7VDiTFGXxYFXXowVj387GeGNOCsOH6Msy00SGZ3Fp84b1Naa1psqgcCIEP5Q==",
      "license": "MIT",
      "engines": {
        "node": ">=0.10.0"
      }
    },
    "node_modules/jquery": {
      "version": "3.7.1",
      "resolved": "https://registry.npmjs.org/jquery/-/jquery-3.7.1.tgz",
      "integrity": "sha512-m4avr8yL8kmFN8psrbFFFmB/If14iN5o9nw/NgnnM+kybDJpRsAynV2BsfpTYrTRysYUdADVD7CkUUizgkpLfg==",
      "license": "MIT"
    },
    "node_modules/lodash": {
      "version": "4.17.21",
      "resolved": "https://registry.npmjs.org/lodash/-/lodash-4.17.21.tgz",
      "integrity": "sha512-v2kDEe57lecTulaDIuNTPy3Ry4gLGJ6Z1O3vE1krgXZNrsQ+LFTGHVxVjcXPs17LhbZVGedAJv8XZ1tvj5FvSg==",
      "license": "MIT"
    },
    "node_modules/mxcad": {
      "version": "1.0.330",
      "resolved": "https://registry.npmjs.org/mxcad/-/mxcad-1.0.330.tgz",
      "integrity": "sha512-ff/6cuz65BvJsfgoNS4AW3wn+9cEnNIhm5Oxg1sQG8qBOJSsdKWg4O89U2yPgueINeg2kmDWJRVIgJ60oHxmSA==",
      "license": "MIT",
      "dependencies": {
        "@fingerprintjs/fingerprintjs": "^4.5.0",
        "event-emitter": "^0.3.5",
        "iconv-lite": "^0.6.3",
        "mxdraw": "^0.1.338",
        "slate-history": "^0.110.3",
        "threebox-plugin": "^2.2.7"
      }
    },
    "node_modules/mxdraw": {
      "version": "0.1.338",
      "resolved": "https://registry.npmjs.org/mxdraw/-/mxdraw-0.1.338.tgz",
      "integrity": "sha512-OHvtkMXCo+bE4w7j2dDygb4s7sznyKHqV1xY88AqFYmj03RMO03NsynpcjDQtiGW3cCbOpwrXgj0seJkOhWY3w==",
      "license": "MIT",
      "dependencies": {
        "element-resize-event-polyfill": "^1.0.5",
        "jquery": "^3.6.0",
        "lodash": "^4.17.21",
        "three-gif-texture": "^1.0.15"
      },
      "engines": {
        "node": ">=6.0.0"
      },
      "peerDependencies": {
        "three": "^0.113.2"
      }
    },
    "node_modules/nanoid": {
      "version": "3.3.6",
      "resolved": "https://registry.npmjs.org/nanoid/-/nanoid-3.3.6.tgz",
      "integrity": "sha512-BGcqMMJuToF7i1rt+2PWSNVnWIkGCU78jBG3RxO/bZlnZPK2Cmi2QaffxGO/2RvWi9sL+FAiRiXMgsyxQ1DIDA==",
      "dev": true,
      "funding": [
        {
          "type": "github",
          "url": "https://github.com/sponsors/ai"
        }
      ],
      "license": "MIT",
      "bin": {
        "nanoid": "bin/nanoid.cjs"
      },
      "engines": {
        "node": "^10 || ^12 || ^13.7 || ^14 || >=15.0.1"
      }
    },
    "node_modules/next-tick": {
      "version": "1.1.0",
      "resolved": "https://registry.npmjs.org/next-tick/-/next-tick-1.1.0.tgz",
      "integrity": "sha512-CXdUiJembsNjuToQvxayPZF9Vqht7hewsvy2sOWafLvi2awflj9mOC6bHIg50orX8IJvWKY9wYQ/zB2kogPslQ==",
      "license": "ISC"
    },
    "node_modules/picocolors": {
      "version": "1.0.0",
      "resolved": "https://registry.npmjs.org/picocolors/-/picocolors-1.0.0.tgz",
      "integrity": "sha512-1fygroTLlHu66zi26VoTDv8yRgm0Fccecssto+MhsZ0D/DGW2sm8E8AjW7NU5VVTRt5GxbeZ5qBuJr+HyLYkjQ==",
      "dev": true,
      "license": "ISC"
    },
    "node_modules/postcss": {
      "version": "8.4.28",
      "resolved": "https://registry.npmjs.org/postcss/-/postcss-8.4.28.tgz",
      "integrity": "sha512-Z7V5j0cq8oEKyejIKfpD8b4eBy9cwW2JWPk0+fB1HOAMsfHbnAXLLS+PfVWlzMSLQaWttKDt607I0XHmpE67Vw==",
      "dev": true,
      "funding": [
        {
          "type": "opencollective",
          "url": "https://opencollective.com/postcss/"
        },
        {
          "type": "tidelift",
          "url": "https://tidelift.com/funding/github/npm/postcss"
        },
        {
          "type": "github",
          "url": "https://github.com/sponsors/ai"
        }
      ],
      "license": "MIT",
      "dependencies": {
        "nanoid": "^3.3.6",
        "picocolors": "^1.0.0",
        "source-map-js": "^1.0.2"
      },
      "engines": {
        "node": "^10 || ^12 || >=14"
      }
    },
    "node_modules/resize-observer-polyfill": {
      "version": "1.5.1",
      "resolved": "https://registry.npmjs.org/resize-observer-polyfill/-/resize-observer-polyfill-1.5.1.tgz",
      "integrity": "sha512-LwZrotdHOo12nQuZlHEmtuXdqGoOD0OhaxopaNFxWzInpEgaLWoVuAMbTzixuosCx2nEG58ngzW3vxdWoxIgdg==",
      "license": "MIT"
    },
    "node_modules/rollup": {
      "version": "3.28.1",
      "resolved": "https://registry.npmjs.org/rollup/-/rollup-3.28.1.tgz",
      "integrity": "sha512-R9OMQmIHJm9znrU3m3cpE8uhN0fGdXiawME7aZIpQqvpS/85+Vt1Hq1/yVIcYfOmaQiHjvXkQAoJukvLpau6Yw==",
      "dev": true,
      "license": "MIT",
      "bin": {
        "rollup": "dist/bin/rollup"
      },
      "engines": {
        "node": ">=14.18.0",
        "npm": ">=8.0.0"
      },
      "optionalDependencies": {
        "fsevents": "~2.3.2"
      }
    },
    "node_modules/safer-buffer": {
      "version": "2.1.2",
      "resolved": "https://registry.npmjs.org/safer-buffer/-/safer-buffer-2.1.2.tgz",
      "integrity": "sha512-YZo3K82SD7Riyi0E1EQPojLz7kpepnSQI9IyPbHHg1XXXevb5dJI7tpyN2ADxGcQbHG7vcyRHk0cbwqcQriUtg==",
      "license": "MIT"
    },
    "node_modules/slate": {
      "version": "0.118.1",
      "resolved": "https://registry.npmjs.org/slate/-/slate-0.118.1.tgz",
      "integrity": "sha512-6H1DNgnSwAFhq/pIgf+tLvjNzH912M5XrKKhP9Frmbds2zFXdSJ6L/uFNyVKxQIkPzGWPD0m+wdDfmEuGFH5Tg==",
      "license": "MIT",
      "peer": true,
      "dependencies": {
        "immer": "^10.0.3",
        "tiny-warning": "^1.0.3"
      }
    },
    "node_modules/slate-history": {
      "version": "0.110.3",
      "resolved": "https://registry.npmjs.org/slate-history/-/slate-history-0.110.3.tgz",
      "integrity": "sha512-sgdff4Usdflmw5ZUbhDkxFwCBQ2qlDKMMkF93w66KdV48vHOgN2BmLrf+2H8SdX8PYIpP/cTB0w8qWC2GwhDVA==",
      "license": "MIT",
      "dependencies": {
        "is-plain-object": "^5.0.0"
      },
      "peerDependencies": {
        "slate": ">=0.65.3"
      }
    },
    "node_modules/source-map-js": {
      "version": "1.0.2",
      "resolved": "https://registry.npmjs.org/source-map-js/-/source-map-js-1.0.2.tgz",
      "integrity": "sha512-R0XvVJ9WusLiqTCEiGCmICCMplcCkIwwR11mOSD9CR5u+IXYdiseeEuXCVAjS54zqwkLcPNnmU4OeJ6tUrWhDw==",
      "dev": true,
      "license": "BSD-3-Clause",
      "engines": {
        "node": ">=0.10.0"
      }
    },
    "node_modules/three": {
      "version": "0.113.2",
      "resolved": "https://registry.npmjs.org/three/-/three-0.113.2.tgz",
      "integrity": "sha512-x3vrKW41/UtbWbWduWKGlfIc043SvHWr3YltehYq+UGb9YglQ2oztNGvl2eut05JtNSmP11Mh3t6Xak5/0e+Fg==",
      "license": "MIT",
      "peer": true
    },
    "node_modules/three-gif-texture": {
      "version": "1.0.15",
      "resolved": "https://registry.npmjs.org/three-gif-texture/-/three-gif-texture-1.0.15.tgz",
      "integrity": "sha512-GzTF6OtgdjqKOF+AtA0WgLguJ8/iqE5u9KQQadmgWLusM2ML82XvQJuoGD6MqQalC33prUeaf2zqTWCP8fR4rw==",
      "license": "MIT"
    },
    "node_modules/threebox-plugin": {
      "version": "2.2.7",
      "resolved": "https://registry.npmjs.org/threebox-plugin/-/threebox-plugin-2.2.7.tgz",
      "integrity": "sha512-H87Nm4w1PfisHPHzavTGXlwIoJpx2+QU57GooQYIhF51lsg+U5A0KGf3Jrv/HWsLCGOwV2BTnv7UTLfpO1EccQ==",
      "license": "MIT"
    },
    "node_modules/tiny-warning": {
      "version": "1.0.3",
      "resolved": "https://registry.npmjs.org/tiny-warning/-/tiny-warning-1.0.3.tgz",
      "integrity": "sha512-lBN9zLN/oAf68o3zNXYrdCt1kP8WsiGW8Oo2ka41b2IM5JL/S1CTyX1rW0mb/zSuJun0ZUrDxx4sqvYS2FWzPA==",
      "license": "MIT",
      "peer": true
    },
    "node_modules/tslib": {
      "version": "2.8.1",
      "resolved": "https://registry.npmjs.org/tslib/-/tslib-2.8.1.tgz",
      "integrity": "sha512-oJFu94HQb+KVduSUQL7wnpmqnfmLsOA/nAh6b6EH0wCEoK0/mPeXU6c3wKDV83MkOuHPRHtSXKKU99IBazS/2w==",
      "license": "0BSD"
    },
    "node_modules/type": {
      "version": "2.7.3",
      "resolved": "https://registry.npmjs.org/type/-/type-2.7.3.tgz",
      "integrity": "sha512-8j+1QmAbPvLZow5Qpi6NCaN8FB60p/6x8/vfNqOk/hC+HuvFZhL4+WfekuhQLiqFZXOgQdrs3B+XxEmCc6b3FQ==",
      "license": "ISC"
    },
    "node_modules/vite": {
      "version": "4.4.9",
      "resolved": "https://registry.npmjs.org/vite/-/vite-4.4.9.tgz",
      "integrity": "sha512-2mbUn2LlUmNASWwSCNSJ/EG2HuSRTnVNaydp6vMCm5VIqJsjMfbIWtbH2kDuwUVW5mMUKKZvGPX/rqeqVvv1XA==",
      "dev": true,
      "license": "MIT",
      "dependencies": {
        "esbuild": "^0.18.10",
        "postcss": "^8.4.27",
        "rollup": "^3.27.1"
      },
      "bin": {
        "vite": "bin/vite.js"
      },
      "engines": {
        "node": "^14.18.0 || >=16.0.0"
      },
      "funding": {
        "url": "https://github.com/vitejs/vite?sponsor=1"
      },
      "optionalDependencies": {
        "fsevents": "~2.3.2"
      },
      "peerDependencies": {
        "@types/node": ">= 14",
        "less": "*",
        "lightningcss": "^1.21.0",
        "sass": "*",
        "stylus": "*",
        "sugarss": "*",
        "terser": "^5.4.0"
      },
      "peerDependenciesMeta": {
        "@types/node": {
          "optional": true
        },
        "less": {
          "optional": true
        },
        "lightningcss": {
          "optional": true
        },
        "sass": {
          "optional": true
        },
        "stylus": {
          "optional": true
        },
        "sugarss": {
          "optional": true
        },
        "terser": {
          "optional": true
        }
      }
    }
  }
}
